// !$*UTF8*$!
{
	archiveVersion = 1;
	classes = {
	};
	objectVersion = 50;
	objects = {

/* Begin PBXBuildFile section */
		04025D8C24DDA75D0020DE6D /* AppDelegate.swift in Sources */ = {isa = PBXBuildFile; fileRef = 04025D8B24DDA75D0020DE6D /* AppDelegate.swift */; };
		04025D8E24DDA75D0020DE6D /* SceneDelegate.swift in Sources */ = {isa = PBXBuildFile; fileRef = 04025D8D24DDA75D0020DE6D /* SceneDelegate.swift */; };
		04025D9024DDA75D0020DE6D /* ViewController.swift in Sources */ = {isa = PBXBuildFile; fileRef = 04025D8F24DDA75D0020DE6D /* ViewController.swift */; };
		04025D9324DDA75D0020DE6D /* Main.storyboard in Resources */ = {isa = PBXBuildFile; fileRef = 04025D9124DDA75D0020DE6D /* Main.storyboard */; };
		04025D9524DDA7620020DE6D /* Assets.xcassets in Resources */ = {isa = PBXBuildFile; fileRef = 04025D9424DDA7620020DE6D /* Assets.xcassets */; };
		04025D9824DDA7620020DE6D /* LaunchScreen.storyboard in Resources */ = {isa = PBXBuildFile; fileRef = 04025D9624DDA7620020DE6D /* LaunchScreen.storyboard */; };
/* End PBXBuildFile section */

/* Begin PBXFileReference section */
		04025D8824DDA75C0020DE6D /* GitHub Followers.app */ = {isa = PBXFileReference; explicitFileType = wrapper.application; includeInIndex = 0; path = "GitHub Followers.app"; sourceTree = BUILT_PRODUCTS_DIR; };
		04025D8B24DDA75D0020DE6D /* AppDelegate.swift */ = {isa = PBXFileReference; lastKnownFileType = sourcecode.swift; path = AppDelegate.swift; sourceTree = "<group>"; };
		04025D8D24DDA75D0020DE6D /* SceneDelegate.swift */ = {isa = PBXFileReference; lastKnownFileType = sourcecode.swift; path = SceneDelegate.swift; sourceTree = "<group>"; };
		04025D8F24DDA75D0020DE6D /* ViewController.swift */ = {isa = PBXFileReference; lastKnownFileType = sourcecode.swift; path = ViewController.swift; sourceTree = "<group>"; };
		04025D9224DDA75D0020DE6D /* Base */ = {isa = PBXFileReference; lastKnownFileType = file.storyboard; name = Base; path = Base.lproj/Main.storyboard; sourceTree = "<group>"; };
		04025D9424DDA7620020DE6D /* Assets.xcassets */ = {isa = PBXFileReference; lastKnownFileType = folder.assetcatalog; path = Assets.xcassets; sourceTree = "<group>"; };
		04025D9724DDA7620020DE6D /* Base */ = {isa = PBXFileReference; lastKnownFileType = file.storyboard; name = Base; path = Base.lproj/LaunchScreen.storyboard; sourceTree = "<group>"; };
		04025D9924DDA7620020DE6D /* Info.plist */ = {isa = PBXFileReference; lastKnownFileType = text.plist.xml; path = Info.plist; sourceTree = "<group>"; };
/* End PBXFileReference section */

/* Begin PBXFrameworksBuildPhase section */
		04025D8524DDA75C0020DE6D /* Frameworks */ = {
			isa = PBXFrameworksBuildPhase;
			buildActionMask = 2147483647;
			files = (
			);
			runOnlyForDeploymentPostprocessing = 0;
		};
/* End PBXFrameworksBuildPhase section */

/* Begin PBXGroup section */
		04025D7F24DDA75C0020DE6D = {
			isa = PBXGroup;
			children = (
				04025D8A24DDA75C0020DE6D /* GitHub Followers */,
				04025D8924DDA75C0020DE6D /* Products */,
			);
			sourceTree = "<group>";
		};
		04025D8924DDA75C0020DE6D /* Products */ = {
			isa = PBXGroup;
			children = (
				04025D8824DDA75C0020DE6D /* GitHub Followers.app */,
			);
			name = Products;
			sourceTree = "<group>";
		};
		04025D8A24DDA75C0020DE6D /* GitHub Followers */ = {
			isa = PBXGroup;
			children = (
				04025D8B24DDA75D0020DE6D /* AppDelegate.swift */,
				04025D8D24DDA75D0020DE6D /* SceneDelegate.swift */,
				04025D8F24DDA75D0020DE6D /* ViewController.swift */,
				04025D9124DDA75D0020DE6D /* Main.storyboard */,
				04025D9424DDA7620020DE6D /* Assets.xcassets */,
				04025D9624DDA7620020DE6D /* LaunchScreen.storyboard */,
				04025D9924DDA7620020DE6D /* Info.plist */,
			);
			path = "GitHub Followers";
			sourceTree = "<group>";
		};
/* End PBXGroup section */

/* Begin PBXNativeTarget section */
		04025D8724DDA75C0020DE6D /* GitHub Followers */ = {
			isa = PBXNativeTarget;
			buildConfigurationList = 04025D9C24DDA7620020DE6D /* Build configuration list for PBXNativeTarget "GitHub Followers" */;
			buildPhases = (
				04025D8424DDA75C0020DE6D /* Sources */,
				04025D8524DDA75C0020DE6D /* Frameworks */,
				04025D8624DDA75C0020DE6D /* Resources */,
			);
			buildRules = (
			);
			dependencies = (
			);
			name = "GitHub Followers";
			productName = "GitHub Followers";
			productReference = 04025D8824DDA75C0020DE6D /* GitHub Followers.app */;
			productType = "com.apple.product-type.application";
		};
/* End PBXNativeTarget section */

/* Begin PBXProject section */
		04025D8024DDA75C0020DE6D /* Project object */ = {
			isa = PBXProject;
			attributes = {
				LastSwiftUpdateCheck = 1160;
				LastUpgradeCheck = 1160;
				ORGANIZATIONNAME = "Vladimir Drozdin";
				TargetAttributes = {
					04025D8724DDA75C0020DE6D = {
						CreatedOnToolsVersion = 11.6;
					};
				};
			};
			buildConfigurationList = 04025D8324DDA75C0020DE6D /* Build configuration list for PBXProject "GitHub Followers" */;
			compatibilityVersion = "Xcode 9.3";
			developmentRegion = en;
			hasScannedForEncodings = 0;
			knownRegions = (
				en,
				Base,
			);
			mainGroup = 04025D7F24DDA75C0020DE6D;
			productRefGroup = 04025D8924DDA75C0020DE6D /* Products */;
			projectDirPath = "";
			projectRoot = "";
			targets = (
				04025D8724DDA75C0020DE6D /* GitHub Followers */,
			);
		};
/* End PBXProject section */

/* Begin PBXResourcesBuildPhase section */
		04025D8624DDA75C0020DE6D /* Resources */ = {
			isa = PBXResourcesBuildPhase;
			buildActionMask = 2147483647;
			files = (
				04025D9824DDA7620020DE6D /* LaunchScreen.storyboard in Resources */,
				04025D9524DDA7620020DE6D /* Assets.xcassets in Resources */,
				04025D9324DDA75D0020DE6D /* Main.storyboard in Resources */,
			);
			runOnlyForDeploymentPostprocessing = 0;
		};
/* End PBXResourcesBuildPhase section */

/* Begin PBXSourcesBuildPhase section */
		04025D8424DDA75C0020DE6D /* Sources */ = {
			isa = PBXSourcesBuildPhase;
			buildActionMask = 2147483647;
			files = (
				04025D9024DDA75D0020DE6D /* ViewController.swift in Sources */,
				04025D8C24DDA75D0020DE6D /* AppDelegate.swift in Sources */,
				04025D8E24DDA75D0020DE6D /* SceneDelegate.swift in Sources */,
			);
			runOnlyForDeploymentPostprocessing = 0;
		};
/* End PBXSourcesBuildPhase section */

/* Begin PBXVariantGroup section */
		04025D9124DDA75D0020DE6D /* Main.storyboard */ = {
			isa = PBXVariantGroup;
			children = (
				04025D9224DDA75D0020DE6D /* Base */,
			);
			name = Main.storyboard;
			sourceTree = "<group>";
		};
		04025D9624DDA7620020DE6D /* LaunchScreen.storyboard */ = {
			isa = PBXVariantGroup;
			children = (
				04025D9724DDA7620020DE6D /* Base */,
			);
			name = LaunchScreen.storyboard;
			sourceTree = "<group>";
		};
/* End PBXVariantGroup section */

/* Begin XCBuildConfiguration section */
		04025D9A24DDA7620020DE6D /* Debug */ = {
			isa = XCBuildConfiguration;
			buildSettings = {
				ALWAYS_SEARCH_USER_PATHS = NO;
				CLANG_ANALYZER_NONNULL = YES;
				CLANG_ANALYZER_NUMBER_OBJECT_CONVERSION = YES_AGGRESSIVE;
				CLANG_CXX_LANGUAGE_STANDARD = "gnu++14";
				CLANG_CXX_LIBRARY = "libc++";
				CLANG_ENABLE_MODULES = YES;
				CLANG_ENABLE_OBJC_ARC = YES;
				CLANG_ENABLE_OBJC_WEAK = YES;
				CLANG_WARN_BLOCK_CAPTURE_AUTORELEASING = YES;
				CLANG_WARN_BOOL_CONVERSION = YES;
				CLANG_WARN_COMMA = YES;
				CLANG_WARN_CONSTANT_CONVERSION = YES;
				CLANG_WARN_DEPRECATED_OBJC_IMPLEMENTATIONS = YES;
				CLANG_WARN_DIRECT_OBJC_ISA_USAGE = YES_ERROR;
				CLANG_WARN_DOCUMENTATION_COMMENTS = YES;
				CLANG_WARN_EMPTY_BODY = YES;
				CLANG_WARN_ENUM_CONVERSION = YES;
				CLANG_WARN_INFINITE_RECURSION = YES;
				CLANG_WARN_INT_CONVERSION = YES;
				CLANG_WARN_NON_LITERAL_NULL_CONVERSION = YES;
				CLANG_WARN_OBJC_IMPLICIT_RETAIN_SELF = YES;
				CLANG_WARN_OBJC_LITERAL_CONVERSION = YES;
				CLANG_WARN_OBJC_ROOT_CLASS = YES_ERROR;
				CLANG_WARN_RANGE_LOOP_ANALYSIS = YES;
				CLANG_WARN_STRICT_PROTOTYPES = YES;
				CLANG_WARN_SUSPICIOUS_MOVE = YES;
				CLANG_WARN_UNGUARDED_AVAILABILITY = YES_AGGRESSIVE;
				CLANG_WARN_UNREACHABLE_CODE = YES;
				CLANG_WARN__DUPLICATE_METHOD_MATCH = YES;
				COPY_PHASE_STRIP = NO;
				DEBUG_INFORMATION_FORMAT = dwarf;
				ENABLE_STRICT_OBJC_MSGSEND = YES;
				ENABLE_TESTABILITY = YES;
				GCC_C_LANGUAGE_STANDARD = gnu11;
				GCC_DYNAMIC_NO_PIC = NO;
				GCC_NO_COMMON_BLOCKS = YES;
				GCC_OPTIMIZATION_LEVEL = 0;
				GCC_PREPROCESSOR_DEFINITIONS = (
					"DEBUG=1",
					"$(inherited)",
				);
				GCC_WARN_64_TO_32_BIT_CONVERSION = YES;
				GCC_WARN_ABOUT_RETURN_TYPE = YES_ERROR;
				GCC_WARN_UNDECLARED_SELECTOR = YES;
				GCC_WARN_UNINITIALIZED_AUTOS = YES_AGGRESSIVE;
				GCC_WARN_UNUSED_FUNCTION = YES;
				GCC_WARN_UNUSED_VARIABLE = YES;
				IPHONEOS_DEPLOYMENT_TARGET = 13.6;
				MTL_ENABLE_DEBUG_INFO = INCLUDE_SOURCE;
				MTL_FAST_MATH = YES;
				ONLY_ACTIVE_ARCH = YES;
				SDKROOT = iphoneos;
				SWIFT_ACTIVE_COMPILATION_CONDITIONS = DEBUG;
				SWIFT_OPTIMIZATION_LEVEL = "-Onone";
			};
			name = Debug;
		};
		04025D9B24DDA7620020DE6D /* Release */ = {
			isa = XCBuildConfiguration;
			buildSettings = {
				ALWAYS_SEARCH_USER_PATHS = NO;
				CLANG_ANALYZER_NONNULL = YES;
				CLANG_ANALYZER_NUMBER_OBJECT_CONVERSION = YES_AGGRESSIVE;
				CLANG_CXX_LANGUAGE_STANDARD = "gnu++14";
				CLANG_CXX_LIBRARY = "libc++";
				CLANG_ENABLE_MODULES = YES;
				CLANG_ENABLE_OBJC_ARC = YES;
				CLANG_ENABLE_OBJC_WEAK = YES;
				CLANG_WARN_BLOCK_CAPTURE_AUTORELEASING = YES;
				CLANG_WARN_BOOL_CONVERSION = YES;
				CLANG_WARN_COMMA = YES;
				CLANG_WARN_CONSTANT_CONVERSION = YES;
				CLANG_WARN_DEPRECATED_OBJC_IMPLEMENTATIONS = YES;
				CLANG_WARN_DIRECT_OBJC_ISA_USAGE = YES_ERROR;
				CLANG_WARN_DOCUMENTATION_COMMENTS = YES;
				CLANG_WARN_EMPTY_BODY = YES;
				CLANG_WARN_ENUM_CONVERSION = YES;
				CLANG_WARN_INFINITE_RECURSION = YES;
				CLANG_WARN_INT_CONVERSION = YES;
				CLANG_WARN_NON_LITERAL_NULL_CONVERSION = YES;
				CLANG_WARN_OBJC_IMPLICIT_RETAIN_SELF = YES;
				CLANG_WARN_OBJC_LITERAL_CONVERSION = YES;
				CLANG_WARN_OBJC_ROOT_CLASS = YES_ERROR;
				CLANG_WARN_RANGE_LOOP_ANALYSIS = YES;
				CLANG_WARN_STRICT_PROTOTYPES = YES;
				CLANG_WARN_SUSPICIOUS_MOVE = YES;
				CLANG_WARN_UNGUARDED_AVAILABILITY = YES_AGGRESSIVE;
				CLANG_WARN_UNREACHABLE_CODE = YES;
				CLANG_WARN__DUPLICATE_METHOD_MATCH = YES;
				COPY_PHASE_STRIP = NO;
				DEBUG_INFORMATION_FORMAT = "dwarf-with-dsym";
				ENABLE_NS_ASSERTIONS = NO;
				ENABLE_STRICT_OBJC_MSGSEND = YES;
				GCC_C_LANGUAGE_STANDARD = gnu11;
				GCC_NO_COMMON_BLOCKS = YES;
				GCC_WARN_64_TO_32_BIT_CONVERSION = YES;
				GCC_WARN_ABOUT_RETURN_TYPE = YES_ERROR;
				GCC_WARN_UNDECLARED_SELECTOR = YES;
				GCC_WARN_UNINITIALIZED_AUTOS = YES_AGGRESSIVE;
				GCC_WARN_UNUSED_FUNCTION = YES;
				GCC_WARN_UNUSED_VARIABLE = YES;
				IPHONEOS_DEPLOYMENT_TARGET = 13.6;
				MTL_ENABLE_DEBUG_INFO = NO;
				MTL_FAST_MATH = YES;
				SDKROOT = iphoneos;
				SWIFT_COMPILATION_MODE = wholemodule;
				SWIFT_OPTIMIZATION_LEVEL = "-O";
				VALIDATE_PRODUCT = YES;
			};
			name = Release;
		};
		04025D9D24DDA7620020DE6D /* Debug */ = {
			isa = XCBuildConfiguration;
			buildSettings = {
				ASSETCATALOG_COMPILER_APPICON_NAME = AppIcon;
				CODE_SIGN_STYLE = Automatic;
				DEVELOPMENT_TEAM = NHC644CF8X;
				INFOPLIST_FILE = "GitHub Followers/Info.plist";
				LD_RUNPATH_SEARCH_PATHS = (
					"$(inherited)",
					"@executable_path/Frameworks",
				);
				PRODUCT_BUNDLE_IDENTIFIER = "com.vladimirdrozdin.GitHub-Followers";
				PRODUCT_NAME = "$(TARGET_NAME)";
				SWIFT_VERSION = 5.0;
				TARGETED_DEVICE_FAMILY = "1,2";
			};
			name = Debug;
		};
		04025D9E24DDA7620020DE6D /* Release */ = {
			isa = XCBuildConfiguration;
			buildSettings = {
				ASSETCATALOG_COMPILER_APPICON_NAME = AppIcon;
				CODE_SIGN_STYLE = Automatic;
				DEVELOPMENT_TEAM = NHC644CF8X;
				INFOPLIST_FILE = "GitHub Followers/Info.plist";
				LD_RUNPATH_SEARCH_PATHS = (
					"$(inherited)",
					"@executable_path/Frameworks",
				);
				PRODUCT_BUNDLE_IDENTIFIER = "com.vladimirdrozdin.GitHub-Followers";
				PRODUCT_NAME = "$(TARGET_NAME)";
				SWIFT_VERSION = 5.0;
				TARGETED_DEVICE_FAMILY = "1,2";
			};
			name = Release;
		};
/* End XCBuildConfiguration section */

/* Begin XCConfigurationList section */
		04025D8324DDA75C0020DE6D /* Build configuration list for PBXProject "GitHub Followers" */ = {
			isa = XCConfigurationList;
			buildConfigurations = (
				04025D9A24DDA7620020DE6D /* Debug */,
				04025D9B24DDA7620020DE6D /* Release */,
			);
			defaultConfigurationIsVisible = 0;
			defaultConfigurationName = Release;
		};
		04025D9C24DDA7620020DE6D /* Build configuration list for PBXNativeTarget "GitHub Followers" */ = {
			isa = XCConfigurationList;
			buildConfigurations = (
				04025D9D24DDA7620020DE6D /* Debug */,
				04025D9E24DDA7620020DE6D /* Release */,
			);
			defaultConfigurationIsVisible = 0;
			defaultConfigurationName = Release;
		};
/* End XCConfigurationList section */
	};
	rootObject = 04025D8024DDA75C0020DE6D /* Project object */;
}
